
Microsoft Visual Studio Solution File, Format Version 12.00
# Visual Studio Version 17
VisualStudioVersion = 17.3.32929.385
MinimumVisualStudioVersion = 10.0.40219.1
Project("{FAE04EC0-301F-11D3-BF4B-00C04F79EFBC}") = "Blog.API", "Blog.API\Blog.API.csproj", "{CADA8BF3-965E-4AFF-A0B3-768F9F28FAAB}"
EndProject
Global
	GlobalSection(SolutionConfigurationPlatforms) = preSolution
		Debug|Any CPU = Debug|Any CPU
		Release|Any CPU = Release|Any CPU
	EndGlobalSection
	GlobalSection(ProjectConfigurationPlatforms) = postSolution
		{CADA8BF3-965E-4AFF-A0B3-768F9F28FAAB}.Debug|Any CPU.ActiveCfg = Debug|Any CPU
		{CADA8BF3-965E-4AFF-A0B3-768F9F28FAAB}.Debug|Any CPU.Build.0 = Debug|Any CPU
		{CADA8BF3-965E-4AFF-A0B3-768F9F28FAAB}.Release|Any CPU.ActiveCfg = Release|Any CPU
		{CADA8BF3-965E-4AFF-A0B3-768F9F28FAAB}.Release|Any CPU.Build.0 = Release|Any CPU
	EndGlobalSection
	GlobalSection(SolutionProperties) = preSolution
		HideSolutionNode = FALSE
	EndGlobalSection
	GlobalSection(ExtensibilityGlobals) = postSolution
		SolutionGuid = {7159076C-8C40-4DEA-B2FE-2EDF26155DDA}
	EndGlobalSection
EndGlobal
